<Solution>
  <Folder Name="/samples/">
    <Project Path="samples/Demo/Demo.csproj" />
    <Project Path="samples/FaultApi/FaultApi.csproj" />
    <Project Path="samples/LoadCheck/LoadCheck.csproj" />
  </Folder>
  <Folder Name="/src/">
    <Project Path="src/ResilienceLab.Http/ResilienceLab.Http.csproj" />
    <Project Path="src/ResilienceLab/ResilienceLab.csproj" />
  </Folder>
  <Folder Name="/tests/">
    <Project Path="tests/ResilienceLab.Http.Tests/ResilienceLab.Http.Tests.csproj" />
    <Project Path="tests/ResilienceLab.Tests/ResilienceLab.Tests.csproj" />
  </Folder>
</Solution>
